
Microsoft Visual Studio Solution File, Format Version 12.00
# Visual Studio Version 17
VisualStudioVersion = 17.14.36301.6
MinimumVisualStudioVersion = 10.0.40219.1
Project("{FAE04EC0-301F-11D3-BF4B-00C04F79EFBC}") = "Web.Api", "Web.Api\Web.Api.csproj", "{C74C8B08-8A52-43F6-8D9D-408D95AD9314}"
EndProject
Project("{FAE04EC0-301F-11D3-BF4B-00C04F79EFBC}") = "Shared", "Shared\Shared.csproj", "{64EAB6BC-6E61-436D-8BB2-7C38486071F3}"
EndProject
Project("{FAE04EC0-301F-11D3-BF4B-00C04F79EFBC}") = "Application", "Application\Application.csproj", "{04CEAC0D-0952-4488-99DE-69D0F06C3F38}"
EndProject
Project("{FAE04EC0-301F-11D3-BF4B-00C04F79EFBC}") = "Infrastructure", "Infrastructure\Infrastructure.csproj", "{7B015B5D-EBDD-4BC8-B509-118DBE5DE06B}"
EndProject
Project("{FAE04EC0-301F-11D3-BF4B-00C04F79EFBC}") = "Domain", "Domain\Domain.csproj", "{76DAECD3-EFC1-4F3B-AD82-516ACB90125C}"
EndProject
Global
	GlobalSection(SolutionConfigurationPlatforms) = preSolution
		Debug|Any CPU = Debug|Any CPU
		Release|Any CPU = Release|Any CPU
	EndGlobalSection
	GlobalSection(ProjectConfigurationPlatforms) = postSolution
		{C74C8B08-8A52-43F6-8D9D-408D95AD9314}.Debug|Any CPU.ActiveCfg = Debug|Any CPU
		{C74C8B08-8A52-43F6-8D9D-408D95AD9314}.Debug|Any CPU.Build.0 = Debug|Any CPU
		{C74C8B08-8A52-43F6-8D9D-408D95AD9314}.Release|Any CPU.ActiveCfg = Release|Any CPU
		{C74C8B08-8A52-43F6-8D9D-408D95AD9314}.Release|Any CPU.Build.0 = Release|Any CPU
		{64EAB6BC-6E61-436D-8BB2-7C38486071F3}.Debug|Any CPU.ActiveCfg = Debug|Any CPU
		{64EAB6BC-6E61-436D-8BB2-7C38486071F3}.Debug|Any CPU.Build.0 = Debug|Any CPU
		{64EAB6BC-6E61-436D-8BB2-7C38486071F3}.Release|Any CPU.ActiveCfg = Release|Any CPU
		{64EAB6BC-6E61-436D-8BB2-7C38486071F3}.Release|Any CPU.Build.0 = Release|Any CPU
		{04CEAC0D-0952-4488-99DE-69D0F06C3F38}.Debug|Any CPU.ActiveCfg = Debug|Any CPU
		{04CEAC0D-0952-4488-99DE-69D0F06C3F38}.Debug|Any CPU.Build.0 = Debug|Any CPU
		{04CEAC0D-0952-4488-99DE-69D0F06C3F38}.Release|Any CPU.ActiveCfg = Release|Any CPU
		{04CEAC0D-0952-4488-99DE-69D0F06C3F38}.Release|Any CPU.Build.0 = Release|Any CPU
		{7B015B5D-EBDD-4BC8-B509-118DBE5DE06B}.Debug|Any CPU.ActiveCfg = Debug|Any CPU
		{7B015B5D-EBDD-4BC8-B509-118DBE5DE06B}.Debug|Any CPU.Build.0 = Debug|Any CPU
		{7B015B5D-EBDD-4BC8-B509-118DBE5DE06B}.Release|Any CPU.ActiveCfg = Release|Any CPU
		{7B015B5D-EBDD-4BC8-B509-118DBE5DE06B}.Release|Any CPU.Build.0 = Release|Any CPU
		{76DAECD3-EFC1-4F3B-AD82-516ACB90125C}.Debug|Any CPU.ActiveCfg = Debug|Any CPU
		{76DAECD3-EFC1-4F3B-AD82-516ACB90125C}.Debug|Any CPU.Build.0 = Debug|Any CPU
		{76DAECD3-EFC1-4F3B-AD82-516ACB90125C}.Release|Any CPU.ActiveCfg = Release|Any CPU
		{76DAECD3-EFC1-4F3B-AD82-516ACB90125C}.Release|Any CPU.Build.0 = Release|Any CPU
	EndGlobalSection
	GlobalSection(SolutionProperties) = preSolution
		HideSolutionNode = FALSE
	EndGlobalSection
	GlobalSection(ExtensibilityGlobals) = postSolution
		SolutionGuid = {BDB64601-7DEB-43A1-8278-30E1F82E8BEE}
	EndGlobalSection
EndGlobal
